
Microsoft Visual Studio Solution File, Format Version 12.00
# Visual Studio Version 16
VisualStudioVersion = 16.0.31729.503
MinimumVisualStudioVersion = 10.0.40219.1
Project("{FAE04EC0-301F-11D3-BF4B-00C04F79EFBC}") = "Additional Features Assignment", "Additional Features Assignment.csproj", "{3ED5FDE6-C1D7-408B-9E5D-1E8D3AAE5045}"
EndProject
Global
	GlobalSection(SolutionConfigurationPlatforms) = preSolution
		Debug|Any CPU = Debug|Any CPU
		Release|Any CPU = Release|Any CPU
	EndGlobalSection
	GlobalSection(ProjectConfigurationPlatforms) = postSolution
		{3ED5FDE6-C1D7-408B-9E5D-1E8D3AAE5045}.Debug|Any CPU.ActiveCfg = Debug|Any CPU
		{3ED5FDE6-C1D7-408B-9E5D-1E8D3AAE5045}.Debug|Any CPU.Build.0 = Debug|Any CPU
		{3ED5FDE6-C1D7-408B-9E5D-1E8D3AAE5045}.Release|Any CPU.ActiveCfg = Release|Any CPU
		{3ED5FDE6-C1D7-408B-9E5D-1E8D3AAE5045}.Release|Any CPU.Build.0 = Release|Any CPU
	EndGlobalSection
	GlobalSection(SolutionProperties) = preSolution
		HideSolutionNode = FALSE
	EndGlobalSection
	GlobalSection(ExtensibilityGlobals) = postSolution
		SolutionGuid = {1A1CE15C-4B5C-43A1-B04A-975C70F239CB}
	EndGlobalSection
EndGlobal
