
Microsoft Visual Studio Solution File, Format Version 12.00
# Visual Studio Version 16
VisualStudioVersion = 16.0.31727.386
MinimumVisualStudioVersion = 10.0.40219.1
Project("{FAE04EC0-301F-11D3-BF4B-00C04F79EFBC}") = "CSwitchStatements", "CSwitchStatements.csproj", "{8AECAAED-D530-42EC-8E61-27C61C09AADD}"
EndProject
Global
	GlobalSection(SolutionConfigurationPlatforms) = preSolution
		Debug|Any CPU = Debug|Any CPU
		Release|Any CPU = Release|Any CPU
	EndGlobalSection
	GlobalSection(ProjectConfigurationPlatforms) = postSolution
		{8AECAAED-D530-42EC-8E61-27C61C09AADD}.Debug|Any CPU.ActiveCfg = Debug|Any CPU
		{8AECAAED-D530-42EC-8E61-27C61C09AADD}.Debug|Any CPU.Build.0 = Debug|Any CPU
		{8AECAAED-D530-42EC-8E61-27C61C09AADD}.Release|Any CPU.ActiveCfg = Release|Any CPU
		{8AECAAED-D530-42EC-8E61-27C61C09AADD}.Release|Any CPU.Build.0 = Release|Any CPU
	EndGlobalSection
	GlobalSection(SolutionProperties) = preSolution
		HideSolutionNode = FALSE
	EndGlobalSection
	GlobalSection(ExtensibilityGlobals) = postSolution
		SolutionGuid = {A5BAA814-6748-4B6C-AB85-47348FA44701}
	EndGlobalSection
EndGlobal
