
Microsoft Visual Studio Solution File, Format Version 12.00
# Visual Studio Version 16
VisualStudioVersion = 16.0.31729.503
MinimumVisualStudioVersion = 10.0.40219.1
Project("{FAE04EC0-301F-11D3-BF4B-00C04F79EFBC}") = "ClassMethodApp", "ClassMethodApp.csproj", "{A5313B86-A951-461D-B786-361E3D268E17}"
EndProject
Global
	GlobalSection(SolutionConfigurationPlatforms) = preSolution
		Debug|Any CPU = Debug|Any CPU
		Release|Any CPU = Release|Any CPU
	EndGlobalSection
	GlobalSection(ProjectConfigurationPlatforms) = postSolution
		{A5313B86-A951-461D-B786-361E3D268E17}.Debug|Any CPU.ActiveCfg = Debug|Any CPU
		{A5313B86-A951-461D-B786-361E3D268E17}.Debug|Any CPU.Build.0 = Debug|Any CPU
		{A5313B86-A951-461D-B786-361E3D268E17}.Release|Any CPU.ActiveCfg = Release|Any CPU
		{A5313B86-A951-461D-B786-361E3D268E17}.Release|Any CPU.Build.0 = Release|Any CPU
	EndGlobalSection
	GlobalSection(SolutionProperties) = preSolution
		HideSolutionNode = FALSE
	EndGlobalSection
	GlobalSection(ExtensibilityGlobals) = postSolution
		SolutionGuid = {9AAA0CD8-54F6-4DD2-9B9A-223BA76968D2}
	EndGlobalSection
EndGlobal
