
Microsoft Visual Studio Solution File, Format Version 12.00
# Visual Studio Version 16
VisualStudioVersion = 16.0.31729.503
MinimumVisualStudioVersion = 10.0.40219.1
Project("{FAE04EC0-301F-11D3-BF4B-00C04F79EFBC}") = "Exception Handling Try Catch", "Exception Handling Try Catch.csproj", "{2EC93D84-300E-4B1C-ADB4-E6B26F6D6623}"
EndProject
Global
	GlobalSection(SolutionConfigurationPlatforms) = preSolution
		Debug|Any CPU = Debug|Any CPU
		Release|Any CPU = Release|Any CPU
	EndGlobalSection
	GlobalSection(ProjectConfigurationPlatforms) = postSolution
		{2EC93D84-300E-4B1C-ADB4-E6B26F6D6623}.Debug|Any CPU.ActiveCfg = Debug|Any CPU
		{2EC93D84-300E-4B1C-ADB4-E6B26F6D6623}.Debug|Any CPU.Build.0 = Debug|Any CPU
		{2EC93D84-300E-4B1C-ADB4-E6B26F6D6623}.Release|Any CPU.ActiveCfg = Release|Any CPU
		{2EC93D84-300E-4B1C-ADB4-E6B26F6D6623}.Release|Any CPU.Build.0 = Release|Any CPU
	EndGlobalSection
	GlobalSection(SolutionProperties) = preSolution
		HideSolutionNode = FALSE
	EndGlobalSection
	GlobalSection(ExtensibilityGlobals) = postSolution
		SolutionGuid = {D1462855-36AB-4CCD-A769-119DA67AA88C}
	EndGlobalSection
EndGlobal
